// !$*UTF8*$!
{
	archiveVersion = 1;
	classes = {
	};
	objectVersion = 56;
	objects = {

/* Begin PBXBuildFile section */
		5A087C002BAA656D006E2676 /* CourseDate.swift in Sources */ = {isa = PBXBuildFile; fileRef = 5A087BFF2BAA656D006E2676 /* CourseDate.swift */; };
		5A087C022BAA67A6006E2676 /* CourseDateTests.swift in Sources */ = {isa = PBXBuildFile; fileRef = 5A087C012BAA67A6006E2676 /* CourseDateTests.swift */; };
		5A087C072BAAB4D6006E2676 /* ComposableArchitecture in Frameworks */ = {isa = PBXBuildFile; productRef = 5A087C062BAAB4D6006E2676 /* ComposableArchitecture */; };
		5A1A542A2BB900ED00BA46FB /* ColorSectionView.swift in Sources */ = {isa = PBXBuildFile; fileRef = 5A1A54292BB900ED00BA46FB /* ColorSectionView.swift */; };
		5A1A542C2BB903EA00BA46FB /* CourseColor.swift in Sources */ = {isa = PBXBuildFile; fileRef = 5A1A542B2BB903EA00BA46FB /* CourseColor.swift */; };
		5A1A542E2BBAA56500BA46FB /* CalendarView.swift in Sources */ = {isa = PBXBuildFile; fileRef = 5A1A542D2BBAA56500BA46FB /* CalendarView.swift */; };
		5A1A54302BBAA6AA00BA46FB /* CalendarHeaderView.swift in Sources */ = {isa = PBXBuildFile; fileRef = 5A1A542F2BBAA6AA00BA46FB /* CalendarHeaderView.swift */; };
		5A1A54322BBAA7FB00BA46FB /* CalendarDaysView.swift in Sources */ = {isa = PBXBuildFile; fileRef = 5A1A54312BBAA7FB00BA46FB /* CalendarDaysView.swift */; };
		5A1A54352BBAA95300BA46FB /* DateValue.swift in Sources */ = {isa = PBXBuildFile; fileRef = 5A1A54342BBAA95300BA46FB /* DateValue.swift */; };
		5A1A54372BBAB72E00BA46FB /* CalendarDayView.swift in Sources */ = {isa = PBXBuildFile; fileRef = 5A1A54362BBAB72E00BA46FB /* CalendarDayView.swift */; };
		5A1A54392BBD3FEA00BA46FB /* CourseListView.swift in Sources */ = {isa = PBXBuildFile; fileRef = 5A1A54382BBD3FEA00BA46FB /* CourseListView.swift */; };
		5A1A543B2BBE24F000BA46FB /* DateManager.swift in Sources */ = {isa = PBXBuildFile; fileRef = 5A1A543A2BBE24F000BA46FB /* DateManager.swift */; };
		5A56ABBF2BAAFD37006628FF /* FirebaseAnalytics in Frameworks */ = {isa = PBXBuildFile; productRef = 5A56ABBE2BAAFD37006628FF /* FirebaseAnalytics */; };
		5A56ABC12BAAFD41006628FF /* FirebaseAuth in Frameworks */ = {isa = PBXBuildFile; productRef = 5A56ABC02BAAFD41006628FF /* FirebaseAuth */; };
		5A56ABC72BAAFD4D006628FF /* FirebaseFirestoreSwift in Frameworks */ = {isa = PBXBuildFile; productRef = 5A56ABC62BAAFD4D006628FF /* FirebaseFirestoreSwift */; };
		5A56ABCB2BAAFD64006628FF /* FirebaseDatabaseSwift in Frameworks */ = {isa = PBXBuildFile; productRef = 5A56ABCA2BAAFD64006628FF /* FirebaseDatabaseSwift */; };
		5A56ABCD2BAAFD87006628FF /* FirebaseStorage in Frameworks */ = {isa = PBXBuildFile; productRef = 5A56ABCC2BAAFD87006628FF /* FirebaseStorage */; };
		5A56ABCF2BAAFE2C006628FF /* GoogleService-Info.plist in Resources */ = {isa = PBXBuildFile; fileRef = 5A56ABCE2BAAFE2C006628FF /* GoogleService-Info.plist */; };
		5A56ABD12BAB0234006628FF /* CourseFeature.swift in Sources */ = {isa = PBXBuildFile; fileRef = 5A56ABD02BAB0234006628FF /* CourseFeature.swift */; };
		5A9EB31B2BA5D7EE00509229 /* AddCourseView.swift in Sources */ = {isa = PBXBuildFile; fileRef = 5A9EB31A2BA5D7EE00509229 /* AddCourseView.swift */; };
		5AB2BCBC2B9C097700EC20E9 /* YourCourseApp.swift in Sources */ = {isa = PBXBuildFile; fileRef = 5AB2BCBB2B9C097700EC20E9 /* YourCourseApp.swift */; };
		5AB2BCC02B9C097800EC20E9 /* Assets.xcassets in Resources */ = {isa = PBXBuildFile; fileRef = 5AB2BCBF2B9C097800EC20E9 /* Assets.xcassets */; };
		5AB2BCC32B9C097800EC20E9 /* Preview Assets.xcassets in Resources */ = {isa = PBXBuildFile; fileRef = 5AB2BCC22B9C097800EC20E9 /* Preview Assets.xcassets */; };
		5AB2BCCD2B9C097800EC20E9 /* YourCourseTests.swift in Sources */ = {isa = PBXBuildFile; fileRef = 5AB2BCCC2B9C097800EC20E9 /* YourCourseTests.swift */; };
		5AB2BCD72B9C097800EC20E9 /* YourCourseUITests.swift in Sources */ = {isa = PBXBuildFile; fileRef = 5AB2BCD62B9C097800EC20E9 /* YourCourseUITests.swift */; };
		5AB2BCD92B9C097800EC20E9 /* YourCourseUITestsLaunchTests.swift in Sources */ = {isa = PBXBuildFile; fileRef = 5AB2BCD82B9C097800EC20E9 /* YourCourseUITestsLaunchTests.swift */; };
		5AB2BCE62B9C0C7F00EC20E9 /* .gitignore in Resources */ = {isa = PBXBuildFile; fileRef = 5AB2BCE52B9C0C7F00EC20E9 /* .gitignore */; };
		5AB2BCE92B9EA5E000EC20E9 /* TabBarView.swift in Sources */ = {isa = PBXBuildFile; fileRef = 5AB2BCE82B9EA5E000EC20E9 /* TabBarView.swift */; };
		5AB2BCEB2B9EA67600EC20E9 /* CourseView.swift in Sources */ = {isa = PBXBuildFile; fileRef = 5AB2BCEA2B9EA67600EC20E9 /* CourseView.swift */; };
		5AB2BCEF2B9EA8AE00EC20E9 /* ArchiveView.swift in Sources */ = {isa = PBXBuildFile; fileRef = 5AB2BCEE2B9EA8AE00EC20E9 /* ArchiveView.swift */; };
		5AB2BCF22B9EAD8C00EC20E9 /* LargeTitleText.swift in Sources */ = {isa = PBXBuildFile; fileRef = 5AB2BCF12B9EAD8C00EC20E9 /* LargeTitleText.swift */; };
		5AB2BCF52B9EB60E00EC20E9 /* SwiftUICalendar in Frameworks */ = {isa = PBXBuildFile; productRef = 5AB2BCF42B9EB60E00EC20E9 /* SwiftUICalendar */; };
		5AD102112BAD7A7100932A2B /* FirestoreAPIClient.swift in Sources */ = {isa = PBXBuildFile; fileRef = 5AD102102BAD7A7100932A2B /* FirestoreAPIClient.swift */; };
		5AD102132BAD7C0000932A2B /* Course.swift in Sources */ = {isa = PBXBuildFile; fileRef = 5AD102122BAD7C0000932A2B /* Course.swift */; };
		5AD102192BAEA26400932A2B /* DateSectionView.swift in Sources */ = {isa = PBXBuildFile; fileRef = 5AD102182BAEA26400932A2B /* DateSectionView.swift */; };
		5AD1021D2BAEBCB400932A2B /* TitleLocationSectionView.swift in Sources */ = {isa = PBXBuildFile; fileRef = 5AD1021C2BAEBCB400932A2B /* TitleLocationSectionView.swift */; };
		5AD1021F2BAEBE1E00932A2B /* MemoSectionView.swift in Sources */ = {isa = PBXBuildFile; fileRef = 5AD1021E2BAEBE1E00932A2B /* MemoSectionView.swift */; };
		5AD102242BAEC9CD00932A2B /* DateExtension.swift in Sources */ = {isa = PBXBuildFile; fileRef = 5AD102232BAEC9CD00932A2B /* DateExtension.swift */; };
		5AD102272BAEE7C300932A2B /* CalendarFeature.swift in Sources */ = {isa = PBXBuildFile; fileRef = 5AD102262BAEE7C300932A2B /* CalendarFeature.swift */; };
		5AD102292BB2942800932A2B /* ColorExtension.swift in Sources */ = {isa = PBXBuildFile; fileRef = 5AD102282BB2942800932A2B /* ColorExtension.swift */; };
		5AD1022D2BB29D3E00932A2B /* DateSelectorView.swift in Sources */ = {isa = PBXBuildFile; fileRef = 5AD1022C2BB29D3E00932A2B /* DateSelectorView.swift */; };
		5AF2F7522BBF788600D7DD24 /* CourseDetailView.swift in Sources */ = {isa = PBXBuildFile; fileRef = 5AF2F7512BBF788600D7DD24 /* CourseDetailView.swift */; };
		5AF2F7572BBF9FCD00D7DD24 /* AddEventView.swift in Sources */ = {isa = PBXBuildFile; fileRef = 5AF2F7562BBF9FCD00D7DD24 /* AddEventView.swift */; };
		5AF2F7592BBFA0A100D7DD24 /* InputTextFeild.swift in Sources */ = {isa = PBXBuildFile; fileRef = 5AF2F7582BBFA0A100D7DD24 /* InputTextFeild.swift */; };
		5AF2F75B2BBFA22500D7DD24 /* MemoTextEditor.swift in Sources */ = {isa = PBXBuildFile; fileRef = 5AF2F75A2BBFA22500D7DD24 /* MemoTextEditor.swift */; };
		5AF2F75E2BBFC3CA00D7DD24 /* EventFeature.swift in Sources */ = {isa = PBXBuildFile; fileRef = 5AF2F75D2BBFC3CA00D7DD24 /* EventFeature.swift */; };
		5AF2F7612BBFD20700D7DD24 /* Event.swift in Sources */ = {isa = PBXBuildFile; fileRef = 5AF2F7602BBFD20700D7DD24 /* Event.swift */; };
		5AF2F7632BC12FE700D7DD24 /* CourseCellView.swift in Sources */ = {isa = PBXBuildFile; fileRef = 5AF2F7622BC12FE700D7DD24 /* CourseCellView.swift */; };
		5AF2F7652BC1557A00D7DD24 /* CourseDetailFeature.swift in Sources */ = {isa = PBXBuildFile; fileRef = 5AF2F7642BC1557A00D7DD24 /* CourseDetailFeature.swift */; };
/* End PBXBuildFile section */

/* Begin PBXContainerItemProxy section */
		5AB2BCC92B9C097800EC20E9 /* PBXContainerItemProxy */ = {
			isa = PBXContainerItemProxy;
			containerPortal = 5AB2BCB02B9C097700EC20E9 /* Project object */;
			proxyType = 1;
			remoteGlobalIDString = 5AB2BCB72B9C097700EC20E9;
			remoteInfo = YourCourse;
		};
		5AB2BCD32B9C097800EC20E9 /* PBXContainerItemProxy */ = {
			isa = PBXContainerItemProxy;
			containerPortal = 5AB2BCB02B9C097700EC20E9 /* Project object */;
			proxyType = 1;
			remoteGlobalIDString = 5AB2BCB72B9C097700EC20E9;
			remoteInfo = YourCourse;
		};
/* End PBXContainerItemProxy section */

/* Begin PBXFileReference section */
		5A087BFF2BAA656D006E2676 /* CourseDate.swift */ = {isa = PBXFileReference; lastKnownFileType = sourcecode.swift; path = CourseDate.swift; sourceTree = "<group>"; };
		5A087C012BAA67A6006E2676 /* CourseDateTests.swift */ = {isa = PBXFileReference; lastKnownFileType = sourcecode.swift; path = CourseDateTests.swift; sourceTree = "<group>"; };
		5A1A54292BB900ED00BA46FB /* ColorSectionView.swift */ = {isa = PBXFileReference; lastKnownFileType = sourcecode.swift; path = ColorSectionView.swift; sourceTree = "<group>"; };
		5A1A542B2BB903EA00BA46FB /* CourseColor.swift */ = {isa = PBXFileReference; lastKnownFileType = sourcecode.swift; path = CourseColor.swift; sourceTree = "<group>"; };
		5A1A542D2BBAA56500BA46FB /* CalendarView.swift */ = {isa = PBXFileReference; lastKnownFileType = sourcecode.swift; path = CalendarView.swift; sourceTree = "<group>"; };
		5A1A542F2BBAA6AA00BA46FB /* CalendarHeaderView.swift */ = {isa = PBXFileReference; lastKnownFileType = sourcecode.swift; path = CalendarHeaderView.swift; sourceTree = "<group>"; };
		5A1A54312BBAA7FB00BA46FB /* CalendarDaysView.swift */ = {isa = PBXFileReference; lastKnownFileType = sourcecode.swift; path = CalendarDaysView.swift; sourceTree = "<group>"; };
		5A1A54342BBAA95300BA46FB /* DateValue.swift */ = {isa = PBXFileReference; lastKnownFileType = sourcecode.swift; path = DateValue.swift; sourceTree = "<group>"; };
		5A1A54362BBAB72E00BA46FB /* CalendarDayView.swift */ = {isa = PBXFileReference; lastKnownFileType = sourcecode.swift; path = CalendarDayView.swift; sourceTree = "<group>"; };
		5A1A54382BBD3FEA00BA46FB /* CourseListView.swift */ = {isa = PBXFileReference; lastKnownFileType = sourcecode.swift; path = CourseListView.swift; sourceTree = "<group>"; };
		5A1A543A2BBE24F000BA46FB /* DateManager.swift */ = {isa = PBXFileReference; lastKnownFileType = sourcecode.swift; path = DateManager.swift; sourceTree = "<group>"; };
		5A56ABCE2BAAFE2C006628FF /* GoogleService-Info.plist */ = {isa = PBXFileReference; fileEncoding = 4; lastKnownFileType = text.plist.xml; path = "GoogleService-Info.plist"; sourceTree = "<group>"; };
		5A56ABD02BAB0234006628FF /* CourseFeature.swift */ = {isa = PBXFileReference; lastKnownFileType = sourcecode.swift; name = CourseFeature.swift; path = YourCourse/Presents/Course/Reducer/CourseFeature.swift; sourceTree = SOURCE_ROOT; };
		5A9EB31A2BA5D7EE00509229 /* AddCourseView.swift */ = {isa = PBXFileReference; lastKnownFileType = sourcecode.swift; path = AddCourseView.swift; sourceTree = "<group>"; };
		5AB2BCB82B9C097700EC20E9 /* YourCourse.app */ = {isa = PBXFileReference; explicitFileType = wrapper.application; includeInIndex = 0; path = YourCourse.app; sourceTree = BUILT_PRODUCTS_DIR; };
		5AB2BCBB2B9C097700EC20E9 /* YourCourseApp.swift */ = {isa = PBXFileReference; lastKnownFileType = sourcecode.swift; path = YourCourseApp.swift; sourceTree = "<group>"; };
		5AB2BCBF2B9C097800EC20E9 /* Assets.xcassets */ = {isa = PBXFileReference; lastKnownFileType = folder.assetcatalog; path = Assets.xcassets; sourceTree = "<group>"; };
		5AB2BCC22B9C097800EC20E9 /* Preview Assets.xcassets */ = {isa = PBXFileReference; lastKnownFileType = folder.assetcatalog; path = "Preview Assets.xcassets"; sourceTree = "<group>"; };
		5AB2BCC82B9C097800EC20E9 /* YourCourseTests.xctest */ = {isa = PBXFileReference; explicitFileType = wrapper.cfbundle; includeInIndex = 0; path = YourCourseTests.xctest; sourceTree = BUILT_PRODUCTS_DIR; };
		5AB2BCCC2B9C097800EC20E9 /* YourCourseTests.swift */ = {isa = PBXFileReference; lastKnownFileType = sourcecode.swift; path = YourCourseTests.swift; sourceTree = "<group>"; };
		5AB2BCD22B9C097800EC20E9 /* YourCourseUITests.xctest */ = {isa = PBXFileReference; explicitFileType = wrapper.cfbundle; includeInIndex = 0; path = YourCourseUITests.xctest; sourceTree = BUILT_PRODUCTS_DIR; };
		5AB2BCD62B9C097800EC20E9 /* YourCourseUITests.swift */ = {isa = PBXFileReference; lastKnownFileType = sourcecode.swift; path = YourCourseUITests.swift; sourceTree = "<group>"; };
		5AB2BCD82B9C097800EC20E9 /* YourCourseUITestsLaunchTests.swift */ = {isa = PBXFileReference; lastKnownFileType = sourcecode.swift; path = YourCourseUITestsLaunchTests.swift; sourceTree = "<group>"; };
		5AB2BCE52B9C0C7F00EC20E9 /* .gitignore */ = {isa = PBXFileReference; lastKnownFileType = text; path = .gitignore; sourceTree = "<group>"; };
		5AB2BCE82B9EA5E000EC20E9 /* TabBarView.swift */ = {isa = PBXFileReference; lastKnownFileType = sourcecode.swift; path = TabBarView.swift; sourceTree = "<group>"; };
		5AB2BCEA2B9EA67600EC20E9 /* CourseView.swift */ = {isa = PBXFileReference; lastKnownFileType = sourcecode.swift; path = CourseView.swift; sourceTree = "<group>"; };
		5AB2BCEE2B9EA8AE00EC20E9 /* ArchiveView.swift */ = {isa = PBXFileReference; lastKnownFileType = sourcecode.swift; path = ArchiveView.swift; sourceTree = "<group>"; };
		5AB2BCF12B9EAD8C00EC20E9 /* LargeTitleText.swift */ = {isa = PBXFileReference; lastKnownFileType = sourcecode.swift; path = LargeTitleText.swift; sourceTree = "<group>"; };
		5AD102102BAD7A7100932A2B /* FirestoreAPIClient.swift */ = {isa = PBXFileReference; lastKnownFileType = sourcecode.swift; path = FirestoreAPIClient.swift; sourceTree = "<group>"; };
		5AD102122BAD7C0000932A2B /* Course.swift */ = {isa = PBXFileReference; lastKnownFileType = sourcecode.swift; path = Course.swift; sourceTree = "<group>"; };
		5AD102182BAEA26400932A2B /* DateSectionView.swift */ = {isa = PBXFileReference; lastKnownFileType = sourcecode.swift; path = DateSectionView.swift; sourceTree = "<group>"; };
		5AD1021C2BAEBCB400932A2B /* TitleLocationSectionView.swift */ = {isa = PBXFileReference; lastKnownFileType = sourcecode.swift; path = TitleLocationSectionView.swift; sourceTree = "<group>"; };
		5AD1021E2BAEBE1E00932A2B /* MemoSectionView.swift */ = {isa = PBXFileReference; lastKnownFileType = sourcecode.swift; path = MemoSectionView.swift; sourceTree = "<group>"; };
		5AD102232BAEC9CD00932A2B /* DateExtension.swift */ = {isa = PBXFileReference; lastKnownFileType = sourcecode.swift; path = DateExtension.swift; sourceTree = "<group>"; };
		5AD102262BAEE7C300932A2B /* CalendarFeature.swift */ = {isa = PBXFileReference; lastKnownFileType = sourcecode.swift; path = CalendarFeature.swift; sourceTree = "<group>"; };
		5AD102282BB2942800932A2B /* ColorExtension.swift */ = {isa = PBXFileReference; lastKnownFileType = sourcecode.swift; path = ColorExtension.swift; sourceTree = "<group>"; };
		5AD1022C2BB29D3E00932A2B /* DateSelectorView.swift */ = {isa = PBXFileReference; lastKnownFileType = sourcecode.swift; path = DateSelectorView.swift; sourceTree = "<group>"; };
		5AF2F7512BBF788600D7DD24 /* CourseDetailView.swift */ = {isa = PBXFileReference; lastKnownFileType = sourcecode.swift; path = CourseDetailView.swift; sourceTree = "<group>"; };
		5AF2F7562BBF9FCD00D7DD24 /* AddEventView.swift */ = {isa = PBXFileReference; lastKnownFileType = sourcecode.swift; path = AddEventView.swift; sourceTree = "<group>"; };
		5AF2F7582BBFA0A100D7DD24 /* InputTextFeild.swift */ = {isa = PBXFileReference; lastKnownFileType = sourcecode.swift; path = InputTextFeild.swift; sourceTree = "<group>"; };
		5AF2F75A2BBFA22500D7DD24 /* MemoTextEditor.swift */ = {isa = PBXFileReference; lastKnownFileType = sourcecode.swift; path = MemoTextEditor.swift; sourceTree = "<group>"; };
		5AF2F75D2BBFC3CA00D7DD24 /* EventFeature.swift */ = {isa = PBXFileReference; lastKnownFileType = sourcecode.swift; path = EventFeature.swift; sourceTree = "<group>"; };
		5AF2F7602BBFD20700D7DD24 /* Event.swift */ = {isa = PBXFileReference; lastKnownFileType = sourcecode.swift; path = Event.swift; sourceTree = "<group>"; };
		5AF2F7622BC12FE700D7DD24 /* CourseCellView.swift */ = {isa = PBXFileReference; lastKnownFileType = sourcecode.swift; path = CourseCellView.swift; sourceTree = "<group>"; };
		5AF2F7642BC1557A00D7DD24 /* CourseDetailFeature.swift */ = {isa = PBXFileReference; lastKnownFileType = sourcecode.swift; path = CourseDetailFeature.swift; sourceTree = "<group>"; };
/* End PBXFileReference section */

/* Begin PBXFrameworksBuildPhase section */
		5AB2BCB52B9C097700EC20E9 /* Frameworks */ = {
			isa = PBXFrameworksBuildPhase;
			buildActionMask = 2147483647;
			files = (
				5A087C072BAAB4D6006E2676 /* ComposableArchitecture in Frameworks */,
				5AB2BCF52B9EB60E00EC20E9 /* SwiftUICalendar in Frameworks */,
				5A56ABBF2BAAFD37006628FF /* FirebaseAnalytics in Frameworks */,
				5A56ABCB2BAAFD64006628FF /* FirebaseDatabaseSwift in Frameworks */,
				5A56ABCD2BAAFD87006628FF /* FirebaseStorage in Frameworks */,
				5A56ABC72BAAFD4D006628FF /* FirebaseFirestoreSwift in Frameworks */,
				5A56ABC12BAAFD41006628FF /* FirebaseAuth in Frameworks */,
			);
			runOnlyForDeploymentPostprocessing = 0;
		};
		5AB2BCC52B9C097800EC20E9 /* Frameworks */ = {
			isa = PBXFrameworksBuildPhase;
			buildActionMask = 2147483647;
			files = (
			);
			runOnlyForDeploymentPostprocessing = 0;
		};
		5AB2BCCF2B9C097800EC20E9 /* Frameworks */ = {
			isa = PBXFrameworksBuildPhase;
			buildActionMask = 2147483647;
			files = (
			);
			runOnlyForDeploymentPostprocessing = 0;
		};
/* End PBXFrameworksBuildPhase section */

/* Begin PBXGroup section */
		5A087BFD2BAA6549006E2676 /* Model */ = {
			isa = PBXGroup;
			children = (
				5A1A54332BBAA94800BA46FB /* Calendar */,
				5A087BFE2BAA655B006E2676 /* Course */,
				5AF2F75F2BBFD1E700D7DD24 /* Event */,
			);
			path = Model;
			sourceTree = "<group>";
		};
		5A087BFE2BAA655B006E2676 /* Course */ = {
			isa = PBXGroup;
			children = (
				5A087BFF2BAA656D006E2676 /* CourseDate.swift */,
				5AD102122BAD7C0000932A2B /* Course.swift */,
				5A1A542B2BB903EA00BA46FB /* CourseColor.swift */,
			);
			path = Course;
			sourceTree = "<group>";
		};
		5A087C032BAA67AC006E2676 /* Model */ = {
			isa = PBXGroup;
			children = (
				5A087C042BAA67B4006E2676 /* Course */,
			);
			path = Model;
			sourceTree = "<group>";
		};
		5A087C042BAA67B4006E2676 /* Course */ = {
			isa = PBXGroup;
			children = (
				5A087C012BAA67A6006E2676 /* CourseDateTests.swift */,
			);
			path = Course;
			sourceTree = "<group>";
		};
		5A1A54332BBAA94800BA46FB /* Calendar */ = {
			isa = PBXGroup;
			children = (
				5A1A54342BBAA95300BA46FB /* DateValue.swift */,
			);
			path = Calendar;
			sourceTree = "<group>";
		};
		5A56ABBD2BAAFD37006628FF /* Frameworks */ = {
			isa = PBXGroup;
			children = (
			);
			name = Frameworks;
			sourceTree = "<group>";
		};
		5AB0ACC32BA50B1C001078FE /* Presents */ = {
			isa = PBXGroup;
			children = (
				5AF2F7532BBF80CA00D7DD24 /* Event */,
				5AB0ACCD2BA50C21001078FE /* Archive */,
				5AB0ACC82BA50BCA001078FE /* Course */,
				5AE979242B9F3F2400C65C13 /* Calendar */,
				5AB2BCE82B9EA5E000EC20E9 /* TabBarView.swift */,
			);
			path = Presents;
			sourceTree = "<group>";
		};
		5AB0ACC52BA50B61001078FE /* View */ = {
			isa = PBXGroup;
			children = (
				5AB0ACC62BA50B6B001078FE /* Screen */,
				5AB0ACC72BA50B74001078FE /* Components */,
			);
			path = View;
			sourceTree = "<group>";
		};
		5AB0ACC62BA50B6B001078FE /* Screen */ = {
			isa = PBXGroup;
			children = (
				5A1A542D2BBAA56500BA46FB /* CalendarView.swift */,
			);
			path = Screen;
			sourceTree = "<group>";
		};
		5AB0ACC72BA50B74001078FE /* Components */ = {
			isa = PBXGroup;
			children = (
				5A1A542F2BBAA6AA00BA46FB /* CalendarHeaderView.swift */,
				5A1A54312BBAA7FB00BA46FB /* CalendarDaysView.swift */,
				5A1A54362BBAB72E00BA46FB /* CalendarDayView.swift */,
				5A1A54382BBD3FEA00BA46FB /* CourseListView.swift */,
				5AF2F7622BC12FE700D7DD24 /* CourseCellView.swift */,
			);
			path = Components;
			sourceTree = "<group>";
		};
		5AB0ACC82BA50BCA001078FE /* Course */ = {
			isa = PBXGroup;
			children = (
				5AD102222BAEC8EC00932A2B /* Reducer */,
				5AB0ACC92BA50BD3001078FE /* View */,
			);
			path = Course;
			sourceTree = "<group>";
		};
		5AB0ACC92BA50BD3001078FE /* View */ = {
			isa = PBXGroup;
			children = (
				5AB0ACCB2BA50BF0001078FE /* Screen */,
				5AB0ACCC2BA50BFC001078FE /* Components */,
			);
			path = View;
			sourceTree = "<group>";
		};
		5AB0ACCB2BA50BF0001078FE /* Screen */ = {
			isa = PBXGroup;
			children = (
				5A9EB31A2BA5D7EE00509229 /* AddCourseView.swift */,
			);
			path = Screen;
			sourceTree = "<group>";
		};
		5AB0ACCC2BA50BFC001078FE /* Components */ = {
			isa = PBXGroup;
			children = (
				5AD102182BAEA26400932A2B /* DateSectionView.swift */,
				5AD1022C2BB29D3E00932A2B /* DateSelectorView.swift */,
				5AD1021C2BAEBCB400932A2B /* TitleLocationSectionView.swift */,
				5AD1021E2BAEBE1E00932A2B /* MemoSectionView.swift */,
				5A1A54292BB900ED00BA46FB /* ColorSectionView.swift */,
			);
			path = Components;
			sourceTree = "<group>";
		};
		5AB0ACCD2BA50C21001078FE /* Archive */ = {
			isa = PBXGroup;
			children = (
				5AB0ACCF2BA50C34001078FE /* Reducer */,
				5AB0ACCE2BA50C29001078FE /* View */,
			);
			path = Archive;
			sourceTree = "<group>";
		};
		5AB0ACCE2BA50C29001078FE /* View */ = {
			isa = PBXGroup;
			children = (
				5AB0ACD02BA50C40001078FE /* Screen */,
				5AB0ACD12BA50C49001078FE /* Components */,
			);
			path = View;
			sourceTree = "<group>";
		};
		5AB0ACCF2BA50C34001078FE /* Reducer */ = {
			isa = PBXGroup;
			children = (
			);
			path = Reducer;
			sourceTree = "<group>";
		};
		5AB0ACD02BA50C40001078FE /* Screen */ = {
			isa = PBXGroup;
			children = (
				5AB2BCEE2B9EA8AE00EC20E9 /* ArchiveView.swift */,
			);
			path = Screen;
			sourceTree = "<group>";
		};
		5AB0ACD12BA50C49001078FE /* Components */ = {
			isa = PBXGroup;
			children = (
			);
			path = Components;
			sourceTree = "<group>";
		};
		5AB2BCAF2B9C097700EC20E9 = {
			isa = PBXGroup;
			children = (
				5AB2BCBA2B9C097700EC20E9 /* YourCourse */,
				5AB2BCCB2B9C097800EC20E9 /* YourCourseTests */,
				5AB2BCD52B9C097800EC20E9 /* YourCourseUITests */,
				5AB2BCB92B9C097700EC20E9 /* Products */,
				5A56ABBD2BAAFD37006628FF /* Frameworks */,
			);
			sourceTree = "<group>";
		};
		5AB2BCB92B9C097700EC20E9 /* Products */ = {
			isa = PBXGroup;
			children = (
				5AB2BCB82B9C097700EC20E9 /* YourCourse.app */,
				5AB2BCC82B9C097800EC20E9 /* YourCourseTests.xctest */,
				5AB2BCD22B9C097800EC20E9 /* YourCourseUITests.xctest */,
			);
			name = Products;
			sourceTree = "<group>";
		};
		5AB2BCBA2B9C097700EC20E9 /* YourCourse */ = {
			isa = PBXGroup;
			children = (
				5AB0ACC32BA50B1C001078FE /* Presents */,
				5A087BFD2BAA6549006E2676 /* Model */,
				5AD1020F2BAD7A2B00932A2B /* Dependency */,
				5AB2BCF02B9EAD7200EC20E9 /* UIElement */,
				5AD102142BAD7F5600932A2B /* Helper */,
				5AB2BCC12B9C097800EC20E9 /* Preview Content */,
				5AD102172BAEA23E00932A2B /* Useless */,
				5AB2BCBB2B9C097700EC20E9 /* YourCourseApp.swift */,
				5AB2BCBF2B9C097800EC20E9 /* Assets.xcassets */,
				5AB2BCE52B9C0C7F00EC20E9 /* .gitignore */,
				5A56ABCE2BAAFE2C006628FF /* GoogleService-Info.plist */,
			);
			path = YourCourse;
			sourceTree = "<group>";
		};
		5AB2BCC12B9C097800EC20E9 /* Preview Content */ = {
			isa = PBXGroup;
			children = (
				5AB2BCC22B9C097800EC20E9 /* Preview Assets.xcassets */,
			);
			path = "Preview Content";
			sourceTree = "<group>";
		};
		5AB2BCCB2B9C097800EC20E9 /* YourCourseTests */ = {
			isa = PBXGroup;
			children = (
				5A087C032BAA67AC006E2676 /* Model */,
				5AB2BCCC2B9C097800EC20E9 /* YourCourseTests.swift */,
			);
			path = YourCourseTests;
			sourceTree = "<group>";
		};
		5AB2BCD52B9C097800EC20E9 /* YourCourseUITests */ = {
			isa = PBXGroup;
			children = (
				5AB2BCD62B9C097800EC20E9 /* YourCourseUITests.swift */,
				5AB2BCD82B9C097800EC20E9 /* YourCourseUITestsLaunchTests.swift */,
			);
			path = YourCourseUITests;
			sourceTree = "<group>";
		};
		5AB2BCF02B9EAD7200EC20E9 /* UIElement */ = {
			isa = PBXGroup;
			children = (
				5AB2BCF12B9EAD8C00EC20E9 /* LargeTitleText.swift */,
				5AF2F7582BBFA0A100D7DD24 /* InputTextFeild.swift */,
				5AF2F75A2BBFA22500D7DD24 /* MemoTextEditor.swift */,
			);
			path = UIElement;
			sourceTree = "<group>";
		};
		5AD1020F2BAD7A2B00932A2B /* Dependency */ = {
			isa = PBXGroup;
			children = (
				5AD102102BAD7A7100932A2B /* FirestoreAPIClient.swift */,
				5A1A543A2BBE24F000BA46FB /* DateManager.swift */,
			);
			path = Dependency;
			sourceTree = "<group>";
		};
		5AD102142BAD7F5600932A2B /* Helper */ = {
			isa = PBXGroup;
			children = (
				5AD102232BAEC9CD00932A2B /* DateExtension.swift */,
				5AD102282BB2942800932A2B /* ColorExtension.swift */,
			);
			path = Helper;
			sourceTree = "<group>";
		};
		5AD102172BAEA23E00932A2B /* Useless */ = {
			isa = PBXGroup;
			children = (
				5AB2BCEA2B9EA67600EC20E9 /* CourseView.swift */,
			);
			path = Useless;
			sourceTree = "<group>";
		};
		5AD102222BAEC8EC00932A2B /* Reducer */ = {
			isa = PBXGroup;
			children = (
				5A56ABD02BAB0234006628FF /* CourseFeature.swift */,
			);
			path = Reducer;
			sourceTree = "<group>";
		};
		5AD102252BAEE7AB00932A2B /* Reducer */ = {
			isa = PBXGroup;
			children = (
				5AD102262BAEE7C300932A2B /* CalendarFeature.swift */,
			);
			path = Reducer;
			sourceTree = "<group>";
		};
		5AE979242B9F3F2400C65C13 /* Calendar */ = {
			isa = PBXGroup;
			children = (
				5AD102252BAEE7AB00932A2B /* Reducer */,
				5AB0ACC52BA50B61001078FE /* View */,
			);
			path = Calendar;
			sourceTree = "<group>";
		};
		5AF2F7532BBF80CA00D7DD24 /* Event */ = {
			isa = PBXGroup;
			children = (
				5AF2F75C2BBFC3B300D7DD24 /* Reducer */,
				5AF2F7542BBF80DF00D7DD24 /* Screen */,
				5AF2F7552BBF9FB800D7DD24 /* Components */,
			);
			path = Event;
			sourceTree = "<group>";
		};
		5AF2F7542BBF80DF00D7DD24 /* Screen */ = {
			isa = PBXGroup;
			children = (
				5AF2F7512BBF788600D7DD24 /* CourseDetailView.swift */,
			);
			path = Screen;
			sourceTree = "<group>";
		};
		5AF2F7552BBF9FB800D7DD24 /* Components */ = {
			isa = PBXGroup;
			children = (
				5AF2F7562BBF9FCD00D7DD24 /* AddEventView.swift */,
			);
			path = Components;
			sourceTree = "<group>";
		};
		5AF2F75C2BBFC3B300D7DD24 /* Reducer */ = {
			isa = PBXGroup;
			children = (
				5AF2F7642BC1557A00D7DD24 /* CourseDetailFeature.swift */,
				5AF2F75D2BBFC3CA00D7DD24 /* EventFeature.swift */,
			);
			path = Reducer;
			sourceTree = "<group>";
		};
		5AF2F75F2BBFD1E700D7DD24 /* Event */ = {
			isa = PBXGroup;
			children = (
				5AF2F7602BBFD20700D7DD24 /* Event.swift */,
			);
			path = Event;
			sourceTree = "<group>";
		};
/* End PBXGroup section */

/* Begin PBXNativeTarget section */
		5AB2BCB72B9C097700EC20E9 /* YourCourse */ = {
			isa = PBXNativeTarget;
			buildConfigurationList = 5AB2BCDC2B9C097800EC20E9 /* Build configuration list for PBXNativeTarget "YourCourse" */;
			buildPhases = (
				5AB2BCB42B9C097700EC20E9 /* Sources */,
				5AB2BCB52B9C097700EC20E9 /* Frameworks */,
				5AB2BCB62B9C097700EC20E9 /* Resources */,
			);
			buildRules = (
			);
			dependencies = (
			);
			name = YourCourse;
			packageProductDependencies = (
				5AB2BCF42B9EB60E00EC20E9 /* SwiftUICalendar */,
				5A087C062BAAB4D6006E2676 /* ComposableArchitecture */,
				5A56ABBE2BAAFD37006628FF /* FirebaseAnalytics */,
				5A56ABC02BAAFD41006628FF /* FirebaseAuth */,
				5A56ABC62BAAFD4D006628FF /* FirebaseFirestoreSwift */,
				5A56ABCA2BAAFD64006628FF /* FirebaseDatabaseSwift */,
				5A56ABCC2BAAFD87006628FF /* FirebaseStorage */,
			);
			productName = YourCourse;
			productReference = 5AB2BCB82B9C097700EC20E9 /* YourCourse.app */;
			productType = "com.apple.product-type.application";
		};
		5AB2BCC72B9C097800EC20E9 /* YourCourseTests */ = {
			isa = PBXNativeTarget;
			buildConfigurationList = 5AB2BCDF2B9C097800EC20E9 /* Build configuration list for PBXNativeTarget "YourCourseTests" */;
			buildPhases = (
				5AB2BCC42B9C097800EC20E9 /* Sources */,
				5AB2BCC52B9C097800EC20E9 /* Frameworks */,
				5AB2BCC62B9C097800EC20E9 /* Resources */,
			);
			buildRules = (
			);
			dependencies = (
				5AB2BCCA2B9C097800EC20E9 /* PBXTargetDependency */,
			);
			name = YourCourseTests;
			productName = YourCourseTests;
			productReference = 5AB2BCC82B9C097800EC20E9 /* YourCourseTests.xctest */;
			productType = "com.apple.product-type.bundle.unit-test";
		};
		5AB2BCD12B9C097800EC20E9 /* YourCourseUITests */ = {
			isa = PBXNativeTarget;
			buildConfigurationList = 5AB2BCE22B9C097800EC20E9 /* Build configuration list for PBXNativeTarget "YourCourseUITests" */;
			buildPhases = (
				5AB2BCCE2B9C097800EC20E9 /* Sources */,
				5AB2BCCF2B9C097800EC20E9 /* Frameworks */,
				5AB2BCD02B9C097800EC20E9 /* Resources */,
			);
			buildRules = (
			);
			dependencies = (
				5AB2BCD42B9C097800EC20E9 /* PBXTargetDependency */,
			);
			name = YourCourseUITests;
			productName = YourCourseUITests;
			productReference = 5AB2BCD22B9C097800EC20E9 /* YourCourseUITests.xctest */;
			productType = "com.apple.product-type.bundle.ui-testing";
		};
/* End PBXNativeTarget section */

/* Begin PBXProject section */
		5AB2BCB02B9C097700EC20E9 /* Project object */ = {
			isa = PBXProject;
			attributes = {
				BuildIndependentTargetsInParallel = 1;
				LastSwiftUpdateCheck = 1510;
				LastUpgradeCheck = 1510;
				TargetAttributes = {
					5AB2BCB72B9C097700EC20E9 = {
						CreatedOnToolsVersion = 15.1;
					};
					5AB2BCC72B9C097800EC20E9 = {
						CreatedOnToolsVersion = 15.1;
						TestTargetID = 5AB2BCB72B9C097700EC20E9;
					};
					5AB2BCD12B9C097800EC20E9 = {
						CreatedOnToolsVersion = 15.1;
						TestTargetID = 5AB2BCB72B9C097700EC20E9;
					};
				};
			};
			buildConfigurationList = 5AB2BCB32B9C097700EC20E9 /* Build configuration list for PBXProject "YourCourse" */;
			compatibilityVersion = "Xcode 14.0";
			developmentRegion = en;
			hasScannedForEncodings = 0;
			knownRegions = (
				en,
				Base,
			);
			mainGroup = 5AB2BCAF2B9C097700EC20E9;
			packageReferences = (
				5AB2BCF32B9EB60E00EC20E9 /* XCRemoteSwiftPackageReference "SwiftUICalendar" */,
				5A087C052BAAB4D6006E2676 /* XCRemoteSwiftPackageReference "swift-composable-architecture" */,
				5A56ABBC2BAAFC68006628FF /* XCRemoteSwiftPackageReference "firebase-ios-sdk" */,
			);
			productRefGroup = 5AB2BCB92B9C097700EC20E9 /* Products */;
			projectDirPath = "";
			projectRoot = "";
			targets = (
				5AB2BCB72B9C097700EC20E9 /* YourCourse */,
				5AB2BCC72B9C097800EC20E9 /* YourCourseTests */,
				5AB2BCD12B9C097800EC20E9 /* YourCourseUITests */,
			);
		};
/* End PBXProject section */

/* Begin PBXResourcesBuildPhase section */
		5AB2BCB62B9C097700EC20E9 /* Resources */ = {
			isa = PBXResourcesBuildPhase;
			buildActionMask = 2147483647;
			files = (
				5AB2BCC32B9C097800EC20E9 /* Preview Assets.xcassets in Resources */,
				5A56ABCF2BAAFE2C006628FF /* GoogleService-Info.plist in Resources */,
				5AB2BCE62B9C0C7F00EC20E9 /* .gitignore in Resources */,
				5AB2BCC02B9C097800EC20E9 /* Assets.xcassets in Resources */,
			);
			runOnlyForDeploymentPostprocessing = 0;
		};
		5AB2BCC62B9C097800EC20E9 /* Resources */ = {
			isa = PBXResourcesBuildPhase;
			buildActionMask = 2147483647;
			files = (
			);
			runOnlyForDeploymentPostprocessing = 0;
		};
		5AB2BCD02B9C097800EC20E9 /* Resources */ = {
			isa = PBXResourcesBuildPhase;
			buildActionMask = 2147483647;
			files = (
			);
			runOnlyForDeploymentPostprocessing = 0;
		};
/* End PBXResourcesBuildPhase section */

/* Begin PBXSourcesBuildPhase section */
		5AB2BCB42B9C097700EC20E9 /* Sources */ = {
			isa = PBXSourcesBuildPhase;
			buildActionMask = 2147483647;
			files = (
				5A1A542C2BB903EA00BA46FB /* CourseColor.swift in Sources */,
				5AF2F75E2BBFC3CA00D7DD24 /* EventFeature.swift in Sources */,
				5AD1022D2BB29D3E00932A2B /* DateSelectorView.swift in Sources */,
				5A1A54392BBD3FEA00BA46FB /* CourseListView.swift in Sources */,
				5A1A54372BBAB72E00BA46FB /* CalendarDayView.swift in Sources */,
				5AB2BCF22B9EAD8C00EC20E9 /* LargeTitleText.swift in Sources */,
				5AF2F75B2BBFA22500D7DD24 /* MemoTextEditor.swift in Sources */,
				5A1A54322BBAA7FB00BA46FB /* CalendarDaysView.swift in Sources */,
				5AF2F7612BBFD20700D7DD24 /* Event.swift in Sources */,
				5AD1021D2BAEBCB400932A2B /* TitleLocationSectionView.swift in Sources */,
				5A087C002BAA656D006E2676 /* CourseDate.swift in Sources */,
				5A1A542E2BBAA56500BA46FB /* CalendarView.swift in Sources */,
				5AF2F7632BC12FE700D7DD24 /* CourseCellView.swift in Sources */,
				5AD102272BAEE7C300932A2B /* CalendarFeature.swift in Sources */,
				5AF2F7522BBF788600D7DD24 /* CourseDetailView.swift in Sources */,
				5AF2F7592BBFA0A100D7DD24 /* InputTextFeild.swift in Sources */,
				5A1A54302BBAA6AA00BA46FB /* CalendarHeaderView.swift in Sources */,
				5AB2BCEF2B9EA8AE00EC20E9 /* ArchiveView.swift in Sources */,
				5AF2F7652BC1557A00D7DD24 /* CourseDetailFeature.swift in Sources */,
				5A56ABD12BAB0234006628FF /* CourseFeature.swift in Sources */,
				5AD102132BAD7C0000932A2B /* Course.swift in Sources */,
				5AF2F7572BBF9FCD00D7DD24 /* AddEventView.swift in Sources */,
				5AB2BCE92B9EA5E000EC20E9 /* TabBarView.swift in Sources */,
				5A9EB31B2BA5D7EE00509229 /* AddCourseView.swift in Sources */,
				5A1A542A2BB900ED00BA46FB /* ColorSectionView.swift in Sources */,
				5AB2BCBC2B9C097700EC20E9 /* YourCourseApp.swift in Sources */,
				5AD102242BAEC9CD00932A2B /* DateExtension.swift in Sources */,
				5AD102192BAEA26400932A2B /* DateSectionView.swift in Sources */,
				5AB2BCEB2B9EA67600EC20E9 /* CourseView.swift in Sources */,
				5AD1021F2BAEBE1E00932A2B /* MemoSectionView.swift in Sources */,
				5A1A54352BBAA95300BA46FB /* DateValue.swift in Sources */,
				5A1A543B2BBE24F000BA46FB /* DateManager.swift in Sources */,
				5AD102112BAD7A7100932A2B /* FirestoreAPIClient.swift in Sources */,
				5AD102292BB2942800932A2B /* ColorExtension.swift in Sources */,
			);
			runOnlyForDeploymentPostprocessing = 0;
		};
		5AB2BCC42B9C097800EC20E9 /* Sources */ = {
			isa = PBXSourcesBuildPhase;
			buildActionMask = 2147483647;
			files = (
				5A087C022BAA67A6006E2676 /* CourseDateTests.swift in Sources */,
				5AB2BCCD2B9C097800EC20E9 /* YourCourseTests.swift in Sources */,
			);
			runOnlyForDeploymentPostprocessing = 0;
		};
		5AB2BCCE2B9C097800EC20E9 /* Sources */ = {
			isa = PBXSourcesBuildPhase;
			buildActionMask = 2147483647;
			files = (
				5AB2BCD92B9C097800EC20E9 /* YourCourseUITestsLaunchTests.swift in Sources */,
				5AB2BCD72B9C097800EC20E9 /* YourCourseUITests.swift in Sources */,
			);
			runOnlyForDeploymentPostprocessing = 0;
		};
/* End PBXSourcesBuildPhase section */

/* Begin PBXTargetDependency section */
		5AB2BCCA2B9C097800EC20E9 /* PBXTargetDependency */ = {
			isa = PBXTargetDependency;
			target = 5AB2BCB72B9C097700EC20E9 /* YourCourse */;
			targetProxy = 5AB2BCC92B9C097800EC20E9 /* PBXContainerItemProxy */;
		};
		5AB2BCD42B9C097800EC20E9 /* PBXTargetDependency */ = {
			isa = PBXTargetDependency;
			target = 5AB2BCB72B9C097700EC20E9 /* YourCourse */;
			targetProxy = 5AB2BCD32B9C097800EC20E9 /* PBXContainerItemProxy */;
		};
/* End PBXTargetDependency section */

/* Begin XCBuildConfiguration section */
		5AB2BCDA2B9C097800EC20E9 /* Debug */ = {
			isa = XCBuildConfiguration;
			buildSettings = {
				ALWAYS_SEARCH_USER_PATHS = NO;
				ASSETCATALOG_COMPILER_GENERATE_SWIFT_ASSET_SYMBOL_EXTENSIONS = YES;
				CLANG_ANALYZER_NONNULL = YES;
				CLANG_ANALYZER_NUMBER_OBJECT_CONVERSION = YES_AGGRESSIVE;
				CLANG_CXX_LANGUAGE_STANDARD = "gnu++20";
				CLANG_ENABLE_MODULES = YES;
				CLANG_ENABLE_OBJC_ARC = YES;
				CLANG_ENABLE_OBJC_WEAK = YES;
				CLANG_WARN_BLOCK_CAPTURE_AUTORELEASING = YES;
				CLANG_WARN_BOOL_CONVERSION = YES;
				CLANG_WARN_COMMA = YES;
				CLANG_WARN_CONSTANT_CONVERSION = YES;
				CLANG_WARN_DEPRECATED_OBJC_IMPLEMENTATIONS = YES;
				CLANG_WARN_DIRECT_OBJC_ISA_USAGE = YES_ERROR;
				CLANG_WARN_DOCUMENTATION_COMMENTS = YES;
				CLANG_WARN_EMPTY_BODY = YES;
				CLANG_WARN_ENUM_CONVERSION = YES;
				CLANG_WARN_INFINITE_RECURSION = YES;
				CLANG_WARN_INT_CONVERSION = YES;
				CLANG_WARN_NON_LITERAL_NULL_CONVERSION = YES;
				CLANG_WARN_OBJC_IMPLICIT_RETAIN_SELF = YES;
				CLANG_WARN_OBJC_LITERAL_CONVERSION = YES;
				CLANG_WARN_OBJC_ROOT_CLASS = YES_ERROR;
				CLANG_WARN_QUOTED_INCLUDE_IN_FRAMEWORK_HEADER = YES;
				CLANG_WARN_RANGE_LOOP_ANALYSIS = YES;
				CLANG_WARN_STRICT_PROTOTYPES = YES;
				CLANG_WARN_SUSPICIOUS_MOVE = YES;
				CLANG_WARN_UNGUARDED_AVAILABILITY = YES_AGGRESSIVE;
				CLANG_WARN_UNREACHABLE_CODE = YES;
				CLANG_WARN__DUPLICATE_METHOD_MATCH = YES;
				COPY_PHASE_STRIP = NO;
				DEBUG_INFORMATION_FORMAT = dwarf;
				ENABLE_STRICT_OBJC_MSGSEND = YES;
				ENABLE_TESTABILITY = YES;
				ENABLE_USER_SCRIPT_SANDBOXING = YES;
				GCC_C_LANGUAGE_STANDARD = gnu17;
				GCC_DYNAMIC_NO_PIC = NO;
				GCC_NO_COMMON_BLOCKS = YES;
				GCC_OPTIMIZATION_LEVEL = 0;
				GCC_PREPROCESSOR_DEFINITIONS = (
					"DEBUG=1",
					"$(inherited)",
				);
				GCC_WARN_64_TO_32_BIT_CONVERSION = YES;
				GCC_WARN_ABOUT_RETURN_TYPE = YES_ERROR;
				GCC_WARN_UNDECLARED_SELECTOR = YES;
				GCC_WARN_UNINITIALIZED_AUTOS = YES_AGGRESSIVE;
				GCC_WARN_UNUSED_FUNCTION = YES;
				GCC_WARN_UNUSED_VARIABLE = YES;
				IPHONEOS_DEPLOYMENT_TARGET = 17.2;
				LOCALIZATION_PREFERS_STRING_CATALOGS = YES;
				MTL_ENABLE_DEBUG_INFO = INCLUDE_SOURCE;
				MTL_FAST_MATH = YES;
				ONLY_ACTIVE_ARCH = YES;
				SDKROOT = iphoneos;
				SWIFT_ACTIVE_COMPILATION_CONDITIONS = "DEBUG $(inherited)";
				SWIFT_OPTIMIZATION_LEVEL = "-Onone";
			};
			name = Debug;
		};
		5AB2BCDB2B9C097800EC20E9 /* Release */ = {
			isa = XCBuildConfiguration;
			buildSettings = {
				ALWAYS_SEARCH_USER_PATHS = NO;
				ASSETCATALOG_COMPILER_GENERATE_SWIFT_ASSET_SYMBOL_EXTENSIONS = YES;
				CLANG_ANALYZER_NONNULL = YES;
				CLANG_ANALYZER_NUMBER_OBJECT_CONVERSION = YES_AGGRESSIVE;
				CLANG_CXX_LANGUAGE_STANDARD = "gnu++20";
				CLANG_ENABLE_MODULES = YES;
				CLANG_ENABLE_OBJC_ARC = YES;
				CLANG_ENABLE_OBJC_WEAK = YES;
				CLANG_WARN_BLOCK_CAPTURE_AUTORELEASING = YES;
				CLANG_WARN_BOOL_CONVERSION = YES;
				CLANG_WARN_COMMA = YES;
				CLANG_WARN_CONSTANT_CONVERSION = YES;
				CLANG_WARN_DEPRECATED_OBJC_IMPLEMENTATIONS = YES;
				CLANG_WARN_DIRECT_OBJC_ISA_USAGE = YES_ERROR;
				CLANG_WARN_DOCUMENTATION_COMMENTS = YES;
				CLANG_WARN_EMPTY_BODY = YES;
				CLANG_WARN_ENUM_CONVERSION = YES;
				CLANG_WARN_INFINITE_RECURSION = YES;
				CLANG_WARN_INT_CONVERSION = YES;
				CLANG_WARN_NON_LITERAL_NULL_CONVERSION = YES;
				CLANG_WARN_OBJC_IMPLICIT_RETAIN_SELF = YES;
				CLANG_WARN_OBJC_LITERAL_CONVERSION = YES;
				CLANG_WARN_OBJC_ROOT_CLASS = YES_ERROR;
				CLANG_WARN_QUOTED_INCLUDE_IN_FRAMEWORK_HEADER = YES;
				CLANG_WARN_RANGE_LOOP_ANALYSIS = YES;
				CLANG_WARN_STRICT_PROTOTYPES = YES;
				CLANG_WARN_SUSPICIOUS_MOVE = YES;
				CLANG_WARN_UNGUARDED_AVAILABILITY = YES_AGGRESSIVE;
				CLANG_WARN_UNREACHABLE_CODE = YES;
				CLANG_WARN__DUPLICATE_METHOD_MATCH = YES;
				COPY_PHASE_STRIP = NO;
				DEBUG_INFORMATION_FORMAT = "dwarf-with-dsym";
				ENABLE_NS_ASSERTIONS = NO;
				ENABLE_STRICT_OBJC_MSGSEND = YES;
				ENABLE_USER_SCRIPT_SANDBOXING = YES;
				GCC_C_LANGUAGE_STANDARD = gnu17;
				GCC_NO_COMMON_BLOCKS = YES;
				GCC_WARN_64_TO_32_BIT_CONVERSION = YES;
				GCC_WARN_ABOUT_RETURN_TYPE = YES_ERROR;
				GCC_WARN_UNDECLARED_SELECTOR = YES;
				GCC_WARN_UNINITIALIZED_AUTOS = YES_AGGRESSIVE;
				GCC_WARN_UNUSED_FUNCTION = YES;
				GCC_WARN_UNUSED_VARIABLE = YES;
				IPHONEOS_DEPLOYMENT_TARGET = 17.2;
				LOCALIZATION_PREFERS_STRING_CATALOGS = YES;
				MTL_ENABLE_DEBUG_INFO = NO;
				MTL_FAST_MATH = YES;
				SDKROOT = iphoneos;
				SWIFT_COMPILATION_MODE = wholemodule;
				VALIDATE_PRODUCT = YES;
			};
			name = Release;
		};
		5AB2BCDD2B9C097800EC20E9 /* Debug */ = {
			isa = XCBuildConfiguration;
			buildSettings = {
				ASSETCATALOG_COMPILER_APPICON_NAME = AppIcon;
				ASSETCATALOG_COMPILER_GLOBAL_ACCENT_COLOR_NAME = AccentColor;
				CODE_SIGN_STYLE = Automatic;
				CURRENT_PROJECT_VERSION = 1;
				DEVELOPMENT_ASSET_PATHS = "\"YourCourse/Preview Content\"";
				ENABLE_PREVIEWS = YES;
				GENERATE_INFOPLIST_FILE = YES;
				INFOPLIST_KEY_UIApplicationSceneManifest_Generation = YES;
				INFOPLIST_KEY_UIApplicationSupportsIndirectInputEvents = YES;
				INFOPLIST_KEY_UILaunchScreen_Generation = YES;
				INFOPLIST_KEY_UISupportedInterfaceOrientations_iPad = "UIInterfaceOrientationPortrait UIInterfaceOrientationPortraitUpsideDown UIInterfaceOrientationLandscapeLeft UIInterfaceOrientationLandscapeRight";
				INFOPLIST_KEY_UISupportedInterfaceOrientations_iPhone = "UIInterfaceOrientationPortrait UIInterfaceOrientationLandscapeLeft UIInterfaceOrientationLandscapeRight";
				IPHONEOS_DEPLOYMENT_TARGET = 17.2;
				LD_RUNPATH_SEARCH_PATHS = (
					"$(inherited)",
					"@executable_path/Frameworks",
				);
				MARKETING_VERSION = 1.0;
				PRODUCT_BUNDLE_IDENTIFIER = com.YourCourse;
				PRODUCT_NAME = "$(TARGET_NAME)";
				SWIFT_EMIT_LOC_STRINGS = YES;
				SWIFT_VERSION = 5.0;
				TARGETED_DEVICE_FAMILY = "1,2";
			};
			name = Debug;
		};
		5AB2BCDE2B9C097800EC20E9 /* Release */ = {
			isa = XCBuildConfiguration;
			buildSettings = {
				ASSETCATALOG_COMPILER_APPICON_NAME = AppIcon;
				ASSETCATALOG_COMPILER_GLOBAL_ACCENT_COLOR_NAME = AccentColor;
				CODE_SIGN_STYLE = Automatic;
				CURRENT_PROJECT_VERSION = 1;
				DEVELOPMENT_ASSET_PATHS = "\"YourCourse/Preview Content\"";
				ENABLE_PREVIEWS = YES;
				GENERATE_INFOPLIST_FILE = YES;
				INFOPLIST_KEY_UIApplicationSceneManifest_Generation = YES;
				INFOPLIST_KEY_UIApplicationSupportsIndirectInputEvents = YES;
				INFOPLIST_KEY_UILaunchScreen_Generation = YES;
				INFOPLIST_KEY_UISupportedInterfaceOrientations_iPad = "UIInterfaceOrientationPortrait UIInterfaceOrientationPortraitUpsideDown UIInterfaceOrientationLandscapeLeft UIInterfaceOrientationLandscapeRight";
				INFOPLIST_KEY_UISupportedInterfaceOrientations_iPhone = "UIInterfaceOrientationPortrait UIInterfaceOrientationLandscapeLeft UIInterfaceOrientationLandscapeRight";
				IPHONEOS_DEPLOYMENT_TARGET = 17.2;
				LD_RUNPATH_SEARCH_PATHS = (
					"$(inherited)",
					"@executable_path/Frameworks",
				);
				MARKETING_VERSION = 1.0;
				PRODUCT_BUNDLE_IDENTIFIER = com.YourCourse;
				PRODUCT_NAME = "$(TARGET_NAME)";
				SWIFT_EMIT_LOC_STRINGS = YES;
				SWIFT_VERSION = 5.0;
				TARGETED_DEVICE_FAMILY = "1,2";
			};
			name = Release;
		};
		5AB2BCE02B9C097800EC20E9 /* Debug */ = {
			isa = XCBuildConfiguration;
			buildSettings = {
				ALWAYS_EMBED_SWIFT_STANDARD_LIBRARIES = YES;
				BUNDLE_LOADER = "$(TEST_HOST)";
				CODE_SIGN_STYLE = Automatic;
				CURRENT_PROJECT_VERSION = 1;
				GENERATE_INFOPLIST_FILE = YES;
				IPHONEOS_DEPLOYMENT_TARGET = 17.2;
				MARKETING_VERSION = 1.0;
				PRODUCT_BUNDLE_IDENTIFIER = Sample.YourCourseTests;
				PRODUCT_NAME = "$(TARGET_NAME)";
				SWIFT_EMIT_LOC_STRINGS = NO;
				SWIFT_VERSION = 5.0;
				TARGETED_DEVICE_FAMILY = "1,2";
				TEST_HOST = "$(BUILT_PRODUCTS_DIR)/YourCourse.app/$(BUNDLE_EXECUTABLE_FOLDER_PATH)/YourCourse";
			};
			name = Debug;
		};
		5AB2BCE12B9C097800EC20E9 /* Release */ = {
			isa = XCBuildConfiguration;
			buildSettings = {
				ALWAYS_EMBED_SWIFT_STANDARD_LIBRARIES = YES;
				BUNDLE_LOADER = "$(TEST_HOST)";
				CODE_SIGN_STYLE = Automatic;
				CURRENT_PROJECT_VERSION = 1;
				GENERATE_INFOPLIST_FILE = YES;
				IPHONEOS_DEPLOYMENT_TARGET = 17.2;
				MARKETING_VERSION = 1.0;
				PRODUCT_BUNDLE_IDENTIFIER = Sample.YourCourseTests;
				PRODUCT_NAME = "$(TARGET_NAME)";
				SWIFT_EMIT_LOC_STRINGS = NO;
				SWIFT_VERSION = 5.0;
				TARGETED_DEVICE_FAMILY = "1,2";
				TEST_HOST = "$(BUILT_PRODUCTS_DIR)/YourCourse.app/$(BUNDLE_EXECUTABLE_FOLDER_PATH)/YourCourse";
			};
			name = Release;
		};
		5AB2BCE32B9C097800EC20E9 /* Debug */ = {
			isa = XCBuildConfiguration;
			buildSettings = {
				ALWAYS_EMBED_SWIFT_STANDARD_LIBRARIES = YES;
				CODE_SIGN_STYLE = Automatic;
				CURRENT_PROJECT_VERSION = 1;
				GENERATE_INFOPLIST_FILE = YES;
				MARKETING_VERSION = 1.0;
				PRODUCT_BUNDLE_IDENTIFIER = Sample.YourCourseUITests;
				PRODUCT_NAME = "$(TARGET_NAME)";
				SWIFT_EMIT_LOC_STRINGS = NO;
				SWIFT_VERSION = 5.0;
				TARGETED_DEVICE_FAMILY = "1,2";
				TEST_TARGET_NAME = YourCourse;
			};
			name = Debug;
		};
		5AB2BCE42B9C097800EC20E9 /* Release */ = {
			isa = XCBuildConfiguration;
			buildSettings = {
				ALWAYS_EMBED_SWIFT_STANDARD_LIBRARIES = YES;
				CODE_SIGN_STYLE = Automatic;
				CURRENT_PROJECT_VERSION = 1;
				GENERATE_INFOPLIST_FILE = YES;
				MARKETING_VERSION = 1.0;
				PRODUCT_BUNDLE_IDENTIFIER = Sample.YourCourseUITests;
				PRODUCT_NAME = "$(TARGET_NAME)";
				SWIFT_EMIT_LOC_STRINGS = NO;
				SWIFT_VERSION = 5.0;
				TARGETED_DEVICE_FAMILY = "1,2";
				TEST_TARGET_NAME = YourCourse;
			};
			name = Release;
		};
/* End XCBuildConfiguration section */

/* Begin XCConfigurationList section */
		5AB2BCB32B9C097700EC20E9 /* Build configuration list for PBXProject "YourCourse" */ = {
			isa = XCConfigurationList;
			buildConfigurations = (
				5AB2BCDA2B9C097800EC20E9 /* Debug */,
				5AB2BCDB2B9C097800EC20E9 /* Release */,
			);
			defaultConfigurationIsVisible = 0;
			defaultConfigurationName = Release;
		};
		5AB2BCDC2B9C097800EC20E9 /* Build configuration list for PBXNativeTarget "YourCourse" */ = {
			isa = XCConfigurationList;
			buildConfigurations = (
				5AB2BCDD2B9C097800EC20E9 /* Debug */,
				5AB2BCDE2B9C097800EC20E9 /* Release */,
			);
			defaultConfigurationIsVisible = 0;
			defaultConfigurationName = Release;
		};
		5AB2BCDF2B9C097800EC20E9 /* Build configuration list for PBXNativeTarget "YourCourseTests" */ = {
			isa = XCConfigurationList;
			buildConfigurations = (
				5AB2BCE02B9C097800EC20E9 /* Debug */,
				5AB2BCE12B9C097800EC20E9 /* Release */,
			);
			defaultConfigurationIsVisible = 0;
			defaultConfigurationName = Release;
		};
		5AB2BCE22B9C097800EC20E9 /* Build configuration list for PBXNativeTarget "YourCourseUITests" */ = {
			isa = XCConfigurationList;
			buildConfigurations = (
				5AB2BCE32B9C097800EC20E9 /* Debug */,
				5AB2BCE42B9C097800EC20E9 /* Release */,
			);
			defaultConfigurationIsVisible = 0;
			defaultConfigurationName = Release;
		};
/* End XCConfigurationList section */

/* Begin XCRemoteSwiftPackageReference section */
		5A087C052BAAB4D6006E2676 /* XCRemoteSwiftPackageReference "swift-composable-architecture" */ = {
			isa = XCRemoteSwiftPackageReference;
			repositoryURL = "https://github.com/pointfreeco/swift-composable-architecture";
			requirement = {
				kind = upToNextMajorVersion;
				minimumVersion = 1.9.2;
			};
		};
		5A56ABBC2BAAFC68006628FF /* XCRemoteSwiftPackageReference "firebase-ios-sdk" */ = {
			isa = XCRemoteSwiftPackageReference;
			repositoryURL = "https://github.com/firebase/firebase-ios-sdk";
			requirement = {
				kind = upToNextMajorVersion;
				minimumVersion = 10.23.0;
			};
		};
		5AB2BCF32B9EB60E00EC20E9 /* XCRemoteSwiftPackageReference "SwiftUICalendar" */ = {
			isa = XCRemoteSwiftPackageReference;
			repositoryURL = "https://github.com/GGJJack/SwiftUICalendar";
			requirement = {
				kind = upToNextMajorVersion;
				minimumVersion = 0.1.14;
			};
		};
/* End XCRemoteSwiftPackageReference section */

/* Begin XCSwiftPackageProductDependency section */
		5A087C062BAAB4D6006E2676 /* ComposableArchitecture */ = {
			isa = XCSwiftPackageProductDependency;
			package = 5A087C052BAAB4D6006E2676 /* XCRemoteSwiftPackageReference "swift-composable-architecture" */;
			productName = ComposableArchitecture;
		};
		5A56ABBE2BAAFD37006628FF /* FirebaseAnalytics */ = {
			isa = XCSwiftPackageProductDependency;
			package = 5A56ABBC2BAAFC68006628FF /* XCRemoteSwiftPackageReference "firebase-ios-sdk" */;
			productName = FirebaseAnalytics;
		};
		5A56ABC02BAAFD41006628FF /* FirebaseAuth */ = {
			isa = XCSwiftPackageProductDependency;
			package = 5A56ABBC2BAAFC68006628FF /* XCRemoteSwiftPackageReference "firebase-ios-sdk" */;
			productName = FirebaseAuth;
		};
		5A56ABC62BAAFD4D006628FF /* FirebaseFirestoreSwift */ = {
			isa = XCSwiftPackageProductDependency;
			package = 5A56ABBC2BAAFC68006628FF /* XCRemoteSwiftPackageReference "firebase-ios-sdk" */;
			productName = FirebaseFirestoreSwift;
		};
		5A56ABCA2BAAFD64006628FF /* FirebaseDatabaseSwift */ = {
			isa = XCSwiftPackageProductDependency;
			package = 5A56ABBC2BAAFC68006628FF /* XCRemoteSwiftPackageReference "firebase-ios-sdk" */;
			productName = FirebaseDatabaseSwift;
		};
		5A56ABCC2BAAFD87006628FF /* FirebaseStorage */ = {
			isa = XCSwiftPackageProductDependency;
			package = 5A56ABBC2BAAFC68006628FF /* XCRemoteSwiftPackageReference "firebase-ios-sdk" */;
			productName = FirebaseStorage;
		};
		5AB2BCF42B9EB60E00EC20E9 /* SwiftUICalendar */ = {
			isa = XCSwiftPackageProductDependency;
			package = 5AB2BCF32B9EB60E00EC20E9 /* XCRemoteSwiftPackageReference "SwiftUICalendar" */;
			productName = SwiftUICalendar;
		};
/* End XCSwiftPackageProductDependency section */
	};
	rootObject = 5AB2BCB02B9C097700EC20E9 /* Project object */;
}
